// !$*UTF8*$!
{
	archiveVersion = 1;
	classes = {
	};
	objectVersion = 56;
	objects = {

/* Begin PBXBuildFile section */
		350FFB7A2A8A94AE009A5FDD /* EventivaApp.swift in Sources */ = {isa = PBXBuildFile; fileRef = 350FFB792A8A94AE009A5FDD /* EventivaApp.swift */; };
		350FFB7C2A8A94AE009A5FDD /* ContentView.swift in Sources */ = {isa = PBXBuildFile; fileRef = 350FFB7B2A8A94AE009A5FDD /* ContentView.swift */; };
		350FFB7E2A8A94B0009A5FDD /* Assets.xcassets in Resources */ = {isa = PBXBuildFile; fileRef = 350FFB7D2A8A94B0009A5FDD /* Assets.xcassets */; };
		350FFB812A8A94B0009A5FDD /* Preview Assets.xcassets in Resources */ = {isa = PBXBuildFile; fileRef = 350FFB802A8A94B0009A5FDD /* Preview Assets.xcassets */; };
		350FFB892A8A9A36009A5FDD /* Event.swift in Sources */ = {isa = PBXBuildFile; fileRef = 350FFB882A8A9A36009A5FDD /* Event.swift */; };
		350FFB8B2A8A9D24009A5FDD /* DataModel.swift in Sources */ = {isa = PBXBuildFile; fileRef = 350FFB8A2A8A9D24009A5FDD /* DataModel.swift */; };
		350FFB8E2A8A9FB7009A5FDD /* event_data.json in Resources */ = {isa = PBXBuildFile; fileRef = 350FFB8D2A8A9FB7009A5FDD /* event_data.json */; };
		359C60AE2A8BBEC300F930E0 /* EventCard.swift in Sources */ = {isa = PBXBuildFile; fileRef = 359C60AD2A8BBEC300F930E0 /* EventCard.swift */; };
		359C60B02A8BC29700F930E0 /* EventList.swift in Sources */ = {isa = PBXBuildFile; fileRef = 359C60AF2A8BC29700F930E0 /* EventList.swift */; };
		359C60B22A8BC43A00F930E0 /* EditEvent.swift in Sources */ = {isa = PBXBuildFile; fileRef = 359C60B12A8BC43A00F930E0 /* EditEvent.swift */; };
		359C60B42A8BD16F00F930E0 /* TimerPanel.swift in Sources */ = {isa = PBXBuildFile; fileRef = 359C60B32A8BD16F00F930E0 /* TimerPanel.swift */; };
		359C60B62A8BEE6C00F930E0 /* Gradients.swift in Sources */ = {isa = PBXBuildFile; fileRef = 359C60B52A8BEE6C00F930E0 /* Gradients.swift */; };
		359C60B92A8C744E00F930E0 /* Helpers.swift in Sources */ = {isa = PBXBuildFile; fileRef = 359C60B82A8C744E00F930E0 /* Helpers.swift */; };
		35D929012A90F53C009CEACC /* SplashScreen.swift in Sources */ = {isa = PBXBuildFile; fileRef = 35D929002A90F53C009CEACC /* SplashScreen.swift */; };
		35D929032A90F7FA009CEACC /* Settings.swift in Sources */ = {isa = PBXBuildFile; fileRef = 35D929022A90F7FA009CEACC /* Settings.swift */; };
		35F1FA6F2A8E5749006A26DA /* AddEvent.swift in Sources */ = {isa = PBXBuildFile; fileRef = 35F1FA6E2A8E5749006A26DA /* AddEvent.swift */; };
/* End PBXBuildFile section */

/* Begin PBXFileReference section */
		350FFB762A8A94AE009A5FDD /* Eventiva.app */ = {isa = PBXFileReference; explicitFileType = wrapper.application; includeInIndex = 0; path = Eventiva.app; sourceTree = BUILT_PRODUCTS_DIR; };
		350FFB792A8A94AE009A5FDD /* EventivaApp.swift */ = {isa = PBXFileReference; lastKnownFileType = sourcecode.swift; path = EventivaApp.swift; sourceTree = "<group>"; };
		350FFB7B2A8A94AE009A5FDD /* ContentView.swift */ = {isa = PBXFileReference; lastKnownFileType = sourcecode.swift; path = ContentView.swift; sourceTree = "<group>"; };
		350FFB7D2A8A94B0009A5FDD /* Assets.xcassets */ = {isa = PBXFileReference; lastKnownFileType = folder.assetcatalog; path = Assets.xcassets; sourceTree = "<group>"; };
		350FFB802A8A94B0009A5FDD /* Preview Assets.xcassets */ = {isa = PBXFileReference; lastKnownFileType = folder.assetcatalog; path = "Preview Assets.xcassets"; sourceTree = "<group>"; };
		350FFB882A8A9A36009A5FDD /* Event.swift */ = {isa = PBXFileReference; lastKnownFileType = sourcecode.swift; path = Event.swift; sourceTree = "<group>"; };
		350FFB8A2A8A9D24009A5FDD /* DataModel.swift */ = {isa = PBXFileReference; lastKnownFileType = sourcecode.swift; path = DataModel.swift; sourceTree = "<group>"; };
		350FFB8D2A8A9FB7009A5FDD /* event_data.json */ = {isa = PBXFileReference; lastKnownFileType = text.json; path = event_data.json; sourceTree = "<group>"; };
		359C60AD2A8BBEC300F930E0 /* EventCard.swift */ = {isa = PBXFileReference; lastKnownFileType = sourcecode.swift; path = EventCard.swift; sourceTree = "<group>"; };
		359C60AF2A8BC29700F930E0 /* EventList.swift */ = {isa = PBXFileReference; lastKnownFileType = sourcecode.swift; path = EventList.swift; sourceTree = "<group>"; };
		359C60B12A8BC43A00F930E0 /* EditEvent.swift */ = {isa = PBXFileReference; lastKnownFileType = sourcecode.swift; path = EditEvent.swift; sourceTree = "<group>"; };
		359C60B32A8BD16F00F930E0 /* TimerPanel.swift */ = {isa = PBXFileReference; lastKnownFileType = sourcecode.swift; path = TimerPanel.swift; sourceTree = "<group>"; };
		359C60B52A8BEE6C00F930E0 /* Gradients.swift */ = {isa = PBXFileReference; lastKnownFileType = sourcecode.swift; path = Gradients.swift; sourceTree = "<group>"; };
		359C60B82A8C744E00F930E0 /* Helpers.swift */ = {isa = PBXFileReference; lastKnownFileType = sourcecode.swift; path = Helpers.swift; sourceTree = "<group>"; };
		35D929002A90F53C009CEACC /* SplashScreen.swift */ = {isa = PBXFileReference; fileEncoding = 4; lastKnownFileType = sourcecode.swift; path = SplashScreen.swift; sourceTree = "<group>"; };
		35D929022A90F7FA009CEACC /* Settings.swift */ = {isa = PBXFileReference; fileEncoding = 4; lastKnownFileType = sourcecode.swift; path = Settings.swift; sourceTree = "<group>"; };
		35F1FA6E2A8E5749006A26DA /* AddEvent.swift */ = {isa = PBXFileReference; fileEncoding = 4; lastKnownFileType = sourcecode.swift; path = AddEvent.swift; sourceTree = "<group>"; };
/* End PBXFileReference section */

/* Begin PBXFrameworksBuildPhase section */
		350FFB732A8A94AE009A5FDD /* Frameworks */ = {
			isa = PBXFrameworksBuildPhase;
			buildActionMask = 2147483647;
			files = (
			);
			runOnlyForDeploymentPostprocessing = 0;
		};
/* End PBXFrameworksBuildPhase section */

/* Begin PBXGroup section */
		350FFB6D2A8A94AE009A5FDD = {
			isa = PBXGroup;
			children = (
				350FFB782A8A94AE009A5FDD /* Eventiva */,
				350FFB772A8A94AE009A5FDD /* Products */,
			);
			sourceTree = "<group>";
		};
		350FFB772A8A94AE009A5FDD /* Products */ = {
			isa = PBXGroup;
			children = (
				350FFB762A8A94AE009A5FDD /* Eventiva.app */,
			);
			name = Products;
			sourceTree = "<group>";
		};
		350FFB782A8A94AE009A5FDD /* Eventiva */ = {
			isa = PBXGroup;
			children = (
				359C60B72A8C743200F930E0 /* Utils */,
				359C60AC2A8BBE7D00F930E0 /* Views */,
				350FFB8C2A8A9F72009A5FDD /* Resources */,
				350FFB872A8A9A18009A5FDD /* Model */,
				350FFB792A8A94AE009A5FDD /* EventivaApp.swift */,
				350FFB7B2A8A94AE009A5FDD /* ContentView.swift */,
				350FFB7D2A8A94B0009A5FDD /* Assets.xcassets */,
				350FFB7F2A8A94B0009A5FDD /* Preview Content */,
			);
			path = Eventiva;
			sourceTree = "<group>";
		};
		350FFB7F2A8A94B0009A5FDD /* Preview Content */ = {
			isa = PBXGroup;
			children = (
				350FFB802A8A94B0009A5FDD /* Preview Assets.xcassets */,
			);
			path = "Preview Content";
			sourceTree = "<group>";
		};
		350FFB872A8A9A18009A5FDD /* Model */ = {
			isa = PBXGroup;
			children = (
				350FFB882A8A9A36009A5FDD /* Event.swift */,
				350FFB8A2A8A9D24009A5FDD /* DataModel.swift */,
			);
			path = Model;
			sourceTree = "<group>";
		};
		350FFB8C2A8A9F72009A5FDD /* Resources */ = {
			isa = PBXGroup;
			children = (
				350FFB8D2A8A9FB7009A5FDD /* event_data.json */,
			);
			path = Resources;
			sourceTree = "<group>";
		};
		359C60AC2A8BBE7D00F930E0 /* Views */ = {
			isa = PBXGroup;
			children = (
				359C60AF2A8BC29700F930E0 /* EventList.swift */,
				359C60AD2A8BBEC300F930E0 /* EventCard.swift */,
				359C60B32A8BD16F00F930E0 /* TimerPanel.swift */,
				35D929022A90F7FA009CEACC /* Settings.swift */,
				35D929002A90F53C009CEACC /* SplashScreen.swift */,
				35F1FA6E2A8E5749006A26DA /* AddEvent.swift */,
				359C60B12A8BC43A00F930E0 /* EditEvent.swift */,
			);
			path = Views;
			sourceTree = "<group>";
		};
		359C60B72A8C743200F930E0 /* Utils */ = {
			isa = PBXGroup;
			children = (
				359C60B52A8BEE6C00F930E0 /* Gradients.swift */,
				359C60B82A8C744E00F930E0 /* Helpers.swift */,
			);
			path = Utils;
			sourceTree = "<group>";
		};
/* End PBXGroup section */

/* Begin PBXNativeTarget section */
		350FFB752A8A94AE009A5FDD /* Eventiva */ = {
			isa = PBXNativeTarget;
			buildConfigurationList = 350FFB842A8A94B0009A5FDD /* Build configuration list for PBXNativeTarget "Eventiva" */;
			buildPhases = (
				350FFB722A8A94AE009A5FDD /* Sources */,
				350FFB732A8A94AE009A5FDD /* Frameworks */,
				350FFB742A8A94AE009A5FDD /* Resources */,
			);
			buildRules = (
			);
			dependencies = (
			);
			name = Eventiva;
			productName = Eventiva;
			productReference = 350FFB762A8A94AE009A5FDD /* Eventiva.app */;
			productType = "com.apple.product-type.application";
		};
/* End PBXNativeTarget section */

/* Begin PBXProject section */
		350FFB6E2A8A94AE009A5FDD /* Project object */ = {
			isa = PBXProject;
			attributes = {
				BuildIndependentTargetsInParallel = 1;
				LastSwiftUpdateCheck = 1430;
				LastUpgradeCheck = 1430;
				TargetAttributes = {
					350FFB752A8A94AE009A5FDD = {
						CreatedOnToolsVersion = 14.3.1;
					};
				};
			};
			buildConfigurationList = 350FFB712A8A94AE009A5FDD /* Build configuration list for PBXProject "Eventiva" */;
			compatibilityVersion = "Xcode 14.0";
			developmentRegion = en;
			hasScannedForEncodings = 0;
			knownRegions = (
				en,
				Base,
			);
			mainGroup = 350FFB6D2A8A94AE009A5FDD;
			productRefGroup = 350FFB772A8A94AE009A5FDD /* Products */;
			projectDirPath = "";
			projectRoot = "";
			targets = (
				350FFB752A8A94AE009A5FDD /* Eventiva */,
			);
		};
/* End PBXProject section */

/* Begin PBXResourcesBuildPhase section */
		350FFB742A8A94AE009A5FDD /* Resources */ = {
			isa = PBXResourcesBuildPhase;
			buildActionMask = 2147483647;
			files = (
				350FFB812A8A94B0009A5FDD /* Preview Assets.xcassets in Resources */,
				350FFB8E2A8A9FB7009A5FDD /* event_data.json in Resources */,
				350FFB7E2A8A94B0009A5FDD /* Assets.xcassets in Resources */,
			);
			runOnlyForDeploymentPostprocessing = 0;
		};
/* End PBXResourcesBuildPhase section */

/* Begin PBXSourcesBuildPhase section */
		350FFB722A8A94AE009A5FDD /* Sources */ = {
			isa = PBXSourcesBuildPhase;
			buildActionMask = 2147483647;
			files = (
				359C60B02A8BC29700F930E0 /* EventList.swift in Sources */,
				359C60B22A8BC43A00F930E0 /* EditEvent.swift in Sources */,
				35D929032A90F7FA009CEACC /* Settings.swift in Sources */,
				359C60B62A8BEE6C00F930E0 /* Gradients.swift in Sources */,
				35F1FA6F2A8E5749006A26DA /* AddEvent.swift in Sources */,
				359C60B92A8C744E00F930E0 /* Helpers.swift in Sources */,
				350FFB7C2A8A94AE009A5FDD /* ContentView.swift in Sources */,
				350FFB8B2A8A9D24009A5FDD /* DataModel.swift in Sources */,
				359C60B42A8BD16F00F930E0 /* TimerPanel.swift in Sources */,
				350FFB892A8A9A36009A5FDD /* Event.swift in Sources */,
				350FFB7A2A8A94AE009A5FDD /* EventivaApp.swift in Sources */,
				359C60AE2A8BBEC300F930E0 /* EventCard.swift in Sources */,
				35D929012A90F53C009CEACC /* SplashScreen.swift in Sources */,
			);
			runOnlyForDeploymentPostprocessing = 0;
		};
/* End PBXSourcesBuildPhase section */

/* Begin XCBuildConfiguration section */
		350FFB822A8A94B0009A5FDD /* Debug */ = {
			isa = XCBuildConfiguration;
			buildSettings = {
				ALWAYS_SEARCH_USER_PATHS = NO;
				CLANG_ANALYZER_NONNULL = YES;
				CLANG_ANALYZER_NUMBER_OBJECT_CONVERSION = YES_AGGRESSIVE;
				CLANG_CXX_LANGUAGE_STANDARD = "gnu++20";
				CLANG_ENABLE_MODULES = YES;
				CLANG_ENABLE_OBJC_ARC = YES;
				CLANG_ENABLE_OBJC_WEAK = YES;
				CLANG_WARN_BLOCK_CAPTURE_AUTORELEASING = YES;
				CLANG_WARN_BOOL_CONVERSION = YES;
				CLANG_WARN_COMMA = YES;
				CLANG_WARN_CONSTANT_CONVERSION = YES;
				CLANG_WARN_DEPRECATED_OBJC_IMPLEMENTATIONS = YES;
				CLANG_WARN_DIRECT_OBJC_ISA_USAGE = YES_ERROR;
				CLANG_WARN_DOCUMENTATION_COMMENTS = YES;
				CLANG_WARN_EMPTY_BODY = YES;
				CLANG_WARN_ENUM_CONVERSION = YES;
				CLANG_WARN_INFINITE_RECURSION = YES;
				CLANG_WARN_INT_CONVERSION = YES;
				CLANG_WARN_NON_LITERAL_NULL_CONVERSION = YES;
				CLANG_WARN_OBJC_IMPLICIT_RETAIN_SELF = YES;
				CLANG_WARN_OBJC_LITERAL_CONVERSION = YES;
				CLANG_WARN_OBJC_ROOT_CLASS = YES_ERROR;
				CLANG_WARN_QUOTED_INCLUDE_IN_FRAMEWORK_HEADER = YES;
				CLANG_WARN_RANGE_LOOP_ANALYSIS = YES;
				CLANG_WARN_STRICT_PROTOTYPES = YES;
				CLANG_WARN_SUSPICIOUS_MOVE = YES;
				CLANG_WARN_UNGUARDED_AVAILABILITY = YES_AGGRESSIVE;
				CLANG_WARN_UNREACHABLE_CODE = YES;
				CLANG_WARN__DUPLICATE_METHOD_MATCH = YES;
				COPY_PHASE_STRIP = NO;
				DEBUG_INFORMATION_FORMAT = dwarf;
				ENABLE_STRICT_OBJC_MSGSEND = YES;
				ENABLE_TESTABILITY = YES;
				GCC_C_LANGUAGE_STANDARD = gnu11;
				GCC_DYNAMIC_NO_PIC = NO;
				GCC_NO_COMMON_BLOCKS = YES;
				GCC_OPTIMIZATION_LEVEL = 0;
				GCC_PREPROCESSOR_DEFINITIONS = (
					"DEBUG=1",
					"$(inherited)",
				);
				GCC_WARN_64_TO_32_BIT_CONVERSION = YES;
				GCC_WARN_ABOUT_RETURN_TYPE = YES_ERROR;
				GCC_WARN_UNDECLARED_SELECTOR = YES;
				GCC_WARN_UNINITIALIZED_AUTOS = YES_AGGRESSIVE;
				GCC_WARN_UNUSED_FUNCTION = YES;
				GCC_WARN_UNUSED_VARIABLE = YES;
				IPHONEOS_DEPLOYMENT_TARGET = 16.4;
				MTL_ENABLE_DEBUG_INFO = INCLUDE_SOURCE;
				MTL_FAST_MATH = YES;
				ONLY_ACTIVE_ARCH = YES;
				SDKROOT = iphoneos;
				SWIFT_ACTIVE_COMPILATION_CONDITIONS = DEBUG;
				SWIFT_OPTIMIZATION_LEVEL = "-Onone";
			};
			name = Debug;
		};
		350FFB832A8A94B0009A5FDD /* Release */ = {
			isa = XCBuildConfiguration;
			buildSettings = {
				ALWAYS_SEARCH_USER_PATHS = NO;
				CLANG_ANALYZER_NONNULL = YES;
				CLANG_ANALYZER_NUMBER_OBJECT_CONVERSION = YES_AGGRESSIVE;
				CLANG_CXX_LANGUAGE_STANDARD = "gnu++20";
				CLANG_ENABLE_MODULES = YES;
				CLANG_ENABLE_OBJC_ARC = YES;
				CLANG_ENABLE_OBJC_WEAK = YES;
				CLANG_WARN_BLOCK_CAPTURE_AUTORELEASING = YES;
				CLANG_WARN_BOOL_CONVERSION = YES;
				CLANG_WARN_COMMA = YES;
				CLANG_WARN_CONSTANT_CONVERSION = YES;
				CLANG_WARN_DEPRECATED_OBJC_IMPLEMENTATIONS = YES;
				CLANG_WARN_DIRECT_OBJC_ISA_USAGE = YES_ERROR;
				CLANG_WARN_DOCUMENTATION_COMMENTS = YES;
				CLANG_WARN_EMPTY_BODY = YES;
				CLANG_WARN_ENUM_CONVERSION = YES;
				CLANG_WARN_INFINITE_RECURSION = YES;
				CLANG_WARN_INT_CONVERSION = YES;
				CLANG_WARN_NON_LITERAL_NULL_CONVERSION = YES;
				CLANG_WARN_OBJC_IMPLICIT_RETAIN_SELF = YES;
				CLANG_WARN_OBJC_LITERAL_CONVERSION = YES;
				CLANG_WARN_OBJC_ROOT_CLASS = YES_ERROR;
				CLANG_WARN_QUOTED_INCLUDE_IN_FRAMEWORK_HEADER = YES;
				CLANG_WARN_RANGE_LOOP_ANALYSIS = YES;
				CLANG_WARN_STRICT_PROTOTYPES = YES;
				CLANG_WARN_SUSPICIOUS_MOVE = YES;
				CLANG_WARN_UNGUARDED_AVAILABILITY = YES_AGGRESSIVE;
				CLANG_WARN_UNREACHABLE_CODE = YES;
				CLANG_WARN__DUPLICATE_METHOD_MATCH = YES;
				COPY_PHASE_STRIP = NO;
				DEBUG_INFORMATION_FORMAT = "dwarf-with-dsym";
				ENABLE_NS_ASSERTIONS = NO;
				ENABLE_STRICT_OBJC_MSGSEND = YES;
				GCC_C_LANGUAGE_STANDARD = gnu11;
				GCC_NO_COMMON_BLOCKS = YES;
				GCC_WARN_64_TO_32_BIT_CONVERSION = YES;
				GCC_WARN_ABOUT_RETURN_TYPE = YES_ERROR;
				GCC_WARN_UNDECLARED_SELECTOR = YES;
				GCC_WARN_UNINITIALIZED_AUTOS = YES_AGGRESSIVE;
				GCC_WARN_UNUSED_FUNCTION = YES;
				GCC_WARN_UNUSED_VARIABLE = YES;
				IPHONEOS_DEPLOYMENT_TARGET = 16.4;
				MTL_ENABLE_DEBUG_INFO = NO;
				MTL_FAST_MATH = YES;
				SDKROOT = iphoneos;
				SWIFT_COMPILATION_MODE = wholemodule;
				SWIFT_OPTIMIZATION_LEVEL = "-O";
				VALIDATE_PRODUCT = YES;
			};
			name = Release;
		};
		350FFB852A8A94B0009A5FDD /* Debug */ = {
			isa = XCBuildConfiguration;
			buildSettings = {
				ASSETCATALOG_COMPILER_APPICON_NAME = AppIcon;
				ASSETCATALOG_COMPILER_GLOBAL_ACCENT_COLOR_NAME = AccentColor;
				CODE_SIGN_STYLE = Automatic;
				CURRENT_PROJECT_VERSION = 1;
				DEVELOPMENT_ASSET_PATHS = "\"Eventiva/Preview Content\"";
				ENABLE_PREVIEWS = YES;
				GENERATE_INFOPLIST_FILE = YES;
				INFOPLIST_KEY_UIApplicationSceneManifest_Generation = YES;
				INFOPLIST_KEY_UIApplicationSupportsIndirectInputEvents = YES;
				INFOPLIST_KEY_UILaunchScreen_Generation = YES;
				INFOPLIST_KEY_UISupportedInterfaceOrientations_iPad = "UIInterfaceOrientationPortrait UIInterfaceOrientationPortraitUpsideDown UIInterfaceOrientationLandscapeLeft UIInterfaceOrientationLandscapeRight";
				INFOPLIST_KEY_UISupportedInterfaceOrientations_iPhone = "UIInterfaceOrientationPortrait UIInterfaceOrientationLandscapeLeft UIInterfaceOrientationLandscapeRight";
				LD_RUNPATH_SEARCH_PATHS = (
					"$(inherited)",
					"@executable_path/Frameworks",
				);
				MARKETING_VERSION = 1.0;
				PRODUCT_BUNDLE_IDENTIFIER = o2e.Eventiva;
				PRODUCT_NAME = "$(TARGET_NAME)";
				SWIFT_EMIT_LOC_STRINGS = YES;
				SWIFT_VERSION = 5.0;
				TARGETED_DEVICE_FAMILY = "1,2";
			};
			name = Debug;
		};
		350FFB862A8A94B0009A5FDD /* Release */ = {
			isa = XCBuildConfiguration;
			buildSettings = {
				ASSETCATALOG_COMPILER_APPICON_NAME = AppIcon;
				ASSETCATALOG_COMPILER_GLOBAL_ACCENT_COLOR_NAME = AccentColor;
				CODE_SIGN_STYLE = Automatic;
				CURRENT_PROJECT_VERSION = 1;
				DEVELOPMENT_ASSET_PATHS = "\"Eventiva/Preview Content\"";
				ENABLE_PREVIEWS = YES;
				GENERATE_INFOPLIST_FILE = YES;
				INFOPLIST_KEY_UIApplicationSceneManifest_Generation = YES;
				INFOPLIST_KEY_UIApplicationSupportsIndirectInputEvents = YES;
				INFOPLIST_KEY_UILaunchScreen_Generation = YES;
				INFOPLIST_KEY_UISupportedInterfaceOrientations_iPad = "UIInterfaceOrientationPortrait UIInterfaceOrientationPortraitUpsideDown UIInterfaceOrientationLandscapeLeft UIInterfaceOrientationLandscapeRight";
				INFOPLIST_KEY_UISupportedInterfaceOrientations_iPhone = "UIInterfaceOrientationPortrait UIInterfaceOrientationLandscapeLeft UIInterfaceOrientationLandscapeRight";
				LD_RUNPATH_SEARCH_PATHS = (
					"$(inherited)",
					"@executable_path/Frameworks",
				);
				MARKETING_VERSION = 1.0;
				PRODUCT_BUNDLE_IDENTIFIER = o2e.Eventiva;
				PRODUCT_NAME = "$(TARGET_NAME)";
				SWIFT_EMIT_LOC_STRINGS = YES;
				SWIFT_VERSION = 5.0;
				TARGETED_DEVICE_FAMILY = "1,2";
			};
			name = Release;
		};
/* End XCBuildConfiguration section */

/* Begin XCConfigurationList section */
		350FFB712A8A94AE009A5FDD /* Build configuration list for PBXProject "Eventiva" */ = {
			isa = XCConfigurationList;
			buildConfigurations = (
				350FFB822A8A94B0009A5FDD /* Debug */,
				350FFB832A8A94B0009A5FDD /* Release */,
			);
			defaultConfigurationIsVisible = 0;
			defaultConfigurationName = Release;
		};
		350FFB842A8A94B0009A5FDD /* Build configuration list for PBXNativeTarget "Eventiva" */ = {
			isa = XCConfigurationList;
			buildConfigurations = (
				350FFB852A8A94B0009A5FDD /* Debug */,
				350FFB862A8A94B0009A5FDD /* Release */,
			);
			defaultConfigurationIsVisible = 0;
			defaultConfigurationName = Release;
		};
/* End XCConfigurationList section */
	};
	rootObject = 350FFB6E2A8A94AE009A5FDD /* Project object */;
}
